
Microsoft Visual Studio Solution File, Format Version 12.00
# Visual Studio Version 16
VisualStudioVersion = 16.0.808.8
MinimumVisualStudioVersion = 10.0.40219.1
Project("{FAE04EC0-301F-11D3-BF4B-00C04F79EFBC}") = "Partie3_Ex2", "Partie3_Ex2.csproj", "{98BFA996-FC47-405E-88A1-4D2E96953F27}"
EndProject
Global
	GlobalSection(SolutionConfigurationPlatforms) = preSolution
		Debug|Any CPU = Debug|Any CPU
		Release|Any CPU = Release|Any CPU
	EndGlobalSection
	GlobalSection(ProjectConfigurationPlatforms) = postSolution
		{98BFA996-FC47-405E-88A1-4D2E96953F27}.Debug|Any CPU.ActiveCfg = Debug|Any CPU
		{98BFA996-FC47-405E-88A1-4D2E96953F27}.Debug|Any CPU.Build.0 = Debug|Any CPU
		{98BFA996-FC47-405E-88A1-4D2E96953F27}.Release|Any CPU.ActiveCfg = Release|Any CPU
		{98BFA996-FC47-405E-88A1-4D2E96953F27}.Release|Any CPU.Build.0 = Release|Any CPU
	EndGlobalSection
	GlobalSection(SolutionProperties) = preSolution
		HideSolutionNode = FALSE
	EndGlobalSection
	GlobalSection(ExtensibilityGlobals) = postSolution
		SolutionGuid = {E48A3623-8F3E-4244-9765-B5FEDD5EC238}
	EndGlobalSection
EndGlobal
